
Microsoft Visual Studio Solution File, Format Version 12.00
# Visual Studio Version 17
VisualStudioVersion = 17.4.33103.184
MinimumVisualStudioVersion = 10.0.40219.1
Project("{FAE04EC0-301F-11D3-BF4B-00C04F79EFBC}") = "RecaptchaV3Client", "RecaptchaV3Client\RecaptchaV3Client.csproj", "{582DA17D-1159-43D8-BE5D-E8D1850BDF74}"
EndProject
Project("{FAE04EC0-301F-11D3-BF4B-00C04F79EFBC}") = "RecaptchaV3API", "RecaptchaV3API\RecaptchaV3API.csproj", "{BE6CA3E2-B888-4881-BCA9-E16023AC2E85}"
EndProject
Global
	GlobalSection(SolutionConfigurationPlatforms) = preSolution
		Debug|Any CPU = Debug|Any CPU
		Release|Any CPU = Release|Any CPU
	EndGlobalSection
	GlobalSection(ProjectConfigurationPlatforms) = postSolution
		{582DA17D-1159-43D8-BE5D-E8D1850BDF74}.Debug|Any CPU.ActiveCfg = Debug|Any CPU
		{582DA17D-1159-43D8-BE5D-E8D1850BDF74}.Debug|Any CPU.Build.0 = Debug|Any CPU
		{582DA17D-1159-43D8-BE5D-E8D1850BDF74}.Release|Any CPU.ActiveCfg = Release|Any CPU
		{582DA17D-1159-43D8-BE5D-E8D1850BDF74}.Release|Any CPU.Build.0 = Release|Any CPU
		{BE6CA3E2-B888-4881-BCA9-E16023AC2E85}.Debug|Any CPU.ActiveCfg = Debug|Any CPU
		{BE6CA3E2-B888-4881-BCA9-E16023AC2E85}.Debug|Any CPU.Build.0 = Debug|Any CPU
		{BE6CA3E2-B888-4881-BCA9-E16023AC2E85}.Release|Any CPU.ActiveCfg = Release|Any CPU
		{BE6CA3E2-B888-4881-BCA9-E16023AC2E85}.Release|Any CPU.Build.0 = Release|Any CPU
	EndGlobalSection
	GlobalSection(SolutionProperties) = preSolution
		HideSolutionNode = FALSE
	EndGlobalSection
	GlobalSection(ExtensibilityGlobals) = postSolution
		SolutionGuid = {83D998CE-D0C9-441E-8DC6-E2D46969BB08}
	EndGlobalSection
EndGlobal
